
Microsoft Visual Studio Solution File, Format Version 12.00
# Visual Studio Express 2012 for Windows Desktop
Project("{FAE04EC0-301F-11D3-BF4B-00C04F79EFBC}") = "Mmosoft.DependencyInversion", "Mmosoft.DependencyInversion\Mmosoft.DependencyInversion.csproj", "{5740AB26-3253-44DD-AA9E-6C5573E21AD7}"
EndProject
Project("{FAE04EC0-301F-11D3-BF4B-00C04F79EFBC}") = "Mmosoft.DependencyInversion.Test", "Mmosoft.DependencyInversion.Test\Mmosoft.DependencyInversion.Test.csproj", "{2610719C-D082-462F-9868-80AE9B64B19C}"
EndProject
Global
	GlobalSection(SolutionConfigurationPlatforms) = preSolution
		Debug|Any CPU = Debug|Any CPU
		Release|Any CPU = Release|Any CPU
	EndGlobalSection
	GlobalSection(ProjectConfigurationPlatforms) = postSolution
		{5740AB26-3253-44DD-AA9E-6C5573E21AD7}.Debug|Any CPU.ActiveCfg = Debug|Any CPU
		{5740AB26-3253-44DD-AA9E-6C5573E21AD7}.Debug|Any CPU.Build.0 = Debug|Any CPU
		{5740AB26-3253-44DD-AA9E-6C5573E21AD7}.Release|Any CPU.ActiveCfg = Release|Any CPU
		{5740AB26-3253-44DD-AA9E-6C5573E21AD7}.Release|Any CPU.Build.0 = Release|Any CPU
		{2610719C-D082-462F-9868-80AE9B64B19C}.Debug|Any CPU.ActiveCfg = Debug|Any CPU
		{2610719C-D082-462F-9868-80AE9B64B19C}.Debug|Any CPU.Build.0 = Debug|Any CPU
		{2610719C-D082-462F-9868-80AE9B64B19C}.Release|Any CPU.ActiveCfg = Release|Any CPU
		{2610719C-D082-462F-9868-80AE9B64B19C}.Release|Any CPU.Build.0 = Release|Any CPU
	EndGlobalSection
	GlobalSection(SolutionProperties) = preSolution
		HideSolutionNode = FALSE
	EndGlobalSection
EndGlobal
